PODS:
  - Alamofire (4.9.0)
  - Kingfisher (5.8.1):
    - Kingfisher/Core (= 5.8.1)
  - Kingfisher/Core (5.8.1)
  - ReSwift (5.0.0)
  - SWXMLHash (5.0.1)

DEPENDENCIES:
  - Alamofire
  - Kingfisher
  - ReSwift
  - SWXMLHash

SPEC REPOS:
  trunk:
    - Alamofire
    - Kingfisher
    - ReSwift
    - SWXMLHash

SPEC CHECKSUMS:
  Alamofire: afc3e7c6db61476cb45cdd23fed06bad03bbc321
  Kingfisher: de969e451c81ca6c07a454bc36fea84b8b08c3c7
  ReSwift: 628f1a9b3ee52e3b3ca2a644435472fd77afafe1
  SWXMLHash: 9cc0c2e4807926c74377724aa8722ee5707a0485

PODFILE CHECKSUM: 5254dc8b2d95f443ddb472f1452d05f8bfc919dc

COCOAPODS: 1.8.1
