PODS:
  - Alamofire (4.8.2)
  - Kingfisher (5.3.1)
  - ReSwift (4.1.1)
  - SWXMLHash (4.9.0)

DEPENDENCIES:
  - Alamofire
  - Kingfisher
  - ReSwift
  - SWXMLHash

SPEC REPOS:
  https://github.com/cocoapods/specs.git:
    - Alamofire
    - Kingfisher
    - ReSwift
    - SWXMLHash

SPEC CHECKSUMS:
  Alamofire: ae5c501addb7afdbb13687d7f2f722c78734c2d3
  Kingfisher: d9e7e0b209b59b8f9873aa2f37654e81a7beea51
  ReSwift: d925be0033558f55bd73d92869961230dfe19d52
  SWXMLHash: 87b0006848a548b7f9485b40bc71721b3ae39add

PODFILE CHECKSUM: 5254dc8b2d95f443ddb472f1452d05f8bfc919dc

COCOAPODS: 1.6.1
